Microsoft Visual Studio Solution File, Format Version 12.00
# Visual Studio Version 17
VisualStudioVersion = 17.5.2.0
MinimumVisualStudioVersion = 10.0.40219.1
Project("{FAE04EC0-301F-11D3-BF4B-00C04F79EFBC}") = "AppointmentBookingAPI", "AppointmentBookingAPI\AppointmentBookingAPI.csproj", "{4E19079E-B0FB-8EF8-ED4C-AEDEE7907C17}"
EndProject
Global
	GlobalSection(SolutionConfigurationPlatforms) = preSolution
		Debug|Any CPU = Debug|Any CPU
		Release|Any CPU = Release|Any CPU
	EndGlobalSection
	GlobalSection(ProjectConfigurationPlatforms) = postSolution
		{4E19079E-B0FB-8EF8-ED4C-AEDEE7907C17}.Debug|Any CPU.ActiveCfg = Debug|Any CPU
		{4E19079E-B0FB-8EF8-ED4C-AEDEE7907C17}.Debug|Any CPU.Build.0 = Debug|Any CPU
		{4E19079E-B0FB-8EF8-ED4C-AEDEE7907C17}.Release|Any CPU.ActiveCfg = Release|Any CPU
		{4E19079E-B0FB-8EF8-ED4C-AEDEE7907C17}.Release|Any CPU.Build.0 = Release|Any CPU
	EndGlobalSection
	GlobalSection(SolutionProperties) = preSolution
		HideSolutionNode = FALSE
	EndGlobalSection
	GlobalSection(ExtensibilityGlobals) = postSolution
		SolutionGuid = {BAD9F973-29B9-437B-AA2F-9F0CA2C93AFF}
	EndGlobalSection
EndGlobal
